
Microsoft Visual Studio Solution File, Format Version 12.00
# Visual Studio Version 17
VisualStudioVersion = 17.1.32414.318
MinimumVisualStudioVersion = 10.0.40219.1
Project("{FAE04EC0-301F-11D3-BF4B-00C04F79EFBC}") = "ItemsPresenterSample", "ItemsPresenterSample.csproj", "{66D94EFF-05F8-4F21-8271-5D56C676998A}"
EndProject
Global
	GlobalSection(SolutionConfigurationPlatforms) = preSolution
		Debug|Any CPU = Debug|Any CPU
		Release|Any CPU = Release|Any CPU
	EndGlobalSection
	GlobalSection(ProjectConfigurationPlatforms) = postSolution
		{66D94EFF-05F8-4F21-8271-5D56C676998A}.Debug|Any CPU.ActiveCfg = Debug|Any CPU
		{66D94EFF-05F8-4F21-8271-5D56C676998A}.Debug|Any CPU.Build.0 = Debug|Any CPU
		{66D94EFF-05F8-4F21-8271-5D56C676998A}.Release|Any CPU.ActiveCfg = Release|Any CPU
		{66D94EFF-05F8-4F21-8271-5D56C676998A}.Release|Any CPU.Build.0 = Release|Any CPU
	EndGlobalSection
	GlobalSection(SolutionProperties) = preSolution
		HideSolutionNode = FALSE
	EndGlobalSection
	GlobalSection(ExtensibilityGlobals) = postSolution
		SolutionGuid = {ACF54518-B26C-4612-8B86-F4680FD79C04}
	EndGlobalSection
EndGlobal
